
Microsoft Visual Studio Solution File, Format Version 12.00
# Visual Studio 15
VisualStudioVersion = 15.0.28307.705
MinimumVisualStudioVersion = 10.0.40219.1
Project("{FAE04EC0-301F-11D3-BF4B-00C04F79EFBC}") = "AggregationService.GatewayPlugin.BrestBT", "AggregationService.GatewayPlugin.BrestBT\AggregationService.GatewayPlugin.BrestBT.csproj", "{8F8E376E-3B00-4D00-83BD-38B0F787C494}"
EndProject
Project("{2150E333-8FDC-42A3-9474-1A3956D46DE8}") = "Tests", "Tests", "{A5C633BA-3AFE-4B6D-9C77-851085086B98}"
EndProject
Project("{FAE04EC0-301F-11D3-BF4B-00C04F79EFBC}") = "AggregationService.GatewayPlugin.BrestBT.Tests", "AggregationService.GatewayPlugin.BrestBT.Tests\AggregationService.GatewayPlugin.BrestBT.Tests.csproj", "{51C3927B-C11E-4FFA-8023-4DF177028B7D}"
EndProject
Global
	GlobalSection(SolutionConfigurationPlatforms) = preSolution
		Debug|Any CPU = Debug|Any CPU
		Release|Any CPU = Release|Any CPU
	EndGlobalSection
	GlobalSection(ProjectConfigurationPlatforms) = postSolution
		{8F8E376E-3B00-4D00-83BD-38B0F787C494}.Debug|Any CPU.ActiveCfg = Debug|Any CPU
		{8F8E376E-3B00-4D00-83BD-38B0F787C494}.Debug|Any CPU.Build.0 = Debug|Any CPU
		{8F8E376E-3B00-4D00-83BD-38B0F787C494}.Release|Any CPU.ActiveCfg = Release|Any CPU
		{8F8E376E-3B00-4D00-83BD-38B0F787C494}.Release|Any CPU.Build.0 = Release|Any CPU
		{51C3927B-C11E-4FFA-8023-4DF177028B7D}.Debug|Any CPU.ActiveCfg = Debug|Any CPU
		{51C3927B-C11E-4FFA-8023-4DF177028B7D}.Debug|Any CPU.Build.0 = Debug|Any CPU
		{51C3927B-C11E-4FFA-8023-4DF177028B7D}.Release|Any CPU.ActiveCfg = Release|Any CPU
		{51C3927B-C11E-4FFA-8023-4DF177028B7D}.Release|Any CPU.Build.0 = Release|Any CPU
	EndGlobalSection
	GlobalSection(SolutionProperties) = preSolution
		HideSolutionNode = FALSE
	EndGlobalSection
	GlobalSection(NestedProjects) = preSolution
		{51C3927B-C11E-4FFA-8023-4DF177028B7D} = {A5C633BA-3AFE-4B6D-9C77-851085086B98}
	EndGlobalSection
	GlobalSection(ExtensibilityGlobals) = postSolution
		SolutionGuid = {8A7C5876-12B3-4575-928D-F002966BA899}
	EndGlobalSection
EndGlobal
